<?xml version="1.0" encoding="UTF-8" standalone="yes" ?>
<CodeBlocks_project_file>
	<FileVersion major="1" minor="6" />
	<Project>
		<Option title="PJ_ARENE_3.1 version 6 multi_joueurs - original" />
		<Option pch_mode="2" />
		<Option compiler="gcc" />
		<Build>
			<Target title="Debug">
				<Option output="bin/Debug/PJ_ARENE_3" prefix_auto="1" extension_auto="1" />
				<Option object_output="obj/Debug/" />
				<Option type="1" />
				<Option compiler="gcc" />
				<Compiler>
					<Add option="-g" />
				</Compiler>
			</Target>
			<Target title="Release">
				<Option output="bin/Release/PJ_ARENE_3" prefix_auto="1" extension_auto="1" />
				<Option object_output="obj/Release/" />
				<Option type="1" />
				<Option compiler="gcc" />
				<Compiler>
					<Add option="-O2" />
				</Compiler>
				<Linker>
					<Add option="-s" />
				</Linker>
			</Target>
		</Build>
		<Compiler>
			<Add option="-Wall" />
		</Compiler>
		<Linker>
			<Add option="-lmingw32" />
			<Add option="-lSDLmain" />
			<Add option="-lSDL" />
			<Add library="C:/Program Files (x86)/CodeBlocks/MinGW/lib/SDL_ttf.lib" />
		</Linker>
		<Unit filename="Labyrinthe_carte_1.txt" />
		<Unit filename="Labyrinthe_multi_joueurs_1.txt" />
		<Unit filename="bonhomme_1_up_bmp.bmp" />
		<Unit filename="bonhomme_2_up_bmp.bmp" />
		<Unit filename="gagnant_1_bmp.bmp" />
		<Unit filename="gagnant_2_bmp.bmp" />
		<Unit filename="main.c">
			<Option compilerVar="CC" />
		</Unit>
		<Extensions>
			<code_completion />
			<envvars />
			<debugger />
		</Extensions>
	</Project>
</CodeBlocks_project_file>
